
Microsoft Visual Studio Solution File, Format Version 12.00
# Visual Studio Version 16
VisualStudioVersion = 16.0.30804.86
MinimumVisualStudioVersion = 10.0.40219.1
Project("{9A19103F-16F7-4668-BE54-9A1E7A4F7556}") = "ConvertCSVToGraphML", "ConvertCSVToGraphML\ConvertCSVToGraphML.csproj", "{0F5D1AEB-DADC-4B0F-BAB6-6BEBA475E13C}"
EndProject
Global
	GlobalSection(SolutionConfigurationPlatforms) = preSolution
		Debug|Any CPU = Debug|Any CPU
		Release|Any CPU = Release|Any CPU
	EndGlobalSection
	GlobalSection(ProjectConfigurationPlatforms) = postSolution
		{0F5D1AEB-DADC-4B0F-BAB6-6BEBA475E13C}.Debug|Any CPU.ActiveCfg = Debug|Any CPU
		{0F5D1AEB-DADC-4B0F-BAB6-6BEBA475E13C}.Debug|Any CPU.Build.0 = Debug|Any CPU
		{0F5D1AEB-DADC-4B0F-BAB6-6BEBA475E13C}.Release|Any CPU.ActiveCfg = Release|Any CPU
		{0F5D1AEB-DADC-4B0F-BAB6-6BEBA475E13C}.Release|Any CPU.Build.0 = Release|Any CPU
	EndGlobalSection
	GlobalSection(SolutionProperties) = preSolution
		HideSolutionNode = FALSE
	EndGlobalSection
	GlobalSection(ExtensibilityGlobals) = postSolution
		SolutionGuid = {D5341D45-ABE9-4649-8D33-BACBF0D338F1}
	EndGlobalSection
EndGlobal
